
Microsoft Visual Studio Solution File, Format Version 12.00
# Visual Studio Version 16
VisualStudioVersion = 16.0.31605.320
MinimumVisualStudioVersion = 10.0.40219.1
Project("{FAE04EC0-301F-11D3-BF4B-00C04F79EFBC}") = "ByteBank", "ByteBank\ByteBank.csproj", "{FDB886ED-A124-4236-9DDF-5A4145F344AD}"
EndProject
Global
	GlobalSection(SolutionConfigurationPlatforms) = preSolution
		Debug|Any CPU = Debug|Any CPU
		Release|Any CPU = Release|Any CPU
	EndGlobalSection
	GlobalSection(ProjectConfigurationPlatforms) = postSolution
		{FDB886ED-A124-4236-9DDF-5A4145F344AD}.Debug|Any CPU.ActiveCfg = Debug|Any CPU
		{FDB886ED-A124-4236-9DDF-5A4145F344AD}.Debug|Any CPU.Build.0 = Debug|Any CPU
		{FDB886ED-A124-4236-9DDF-5A4145F344AD}.Release|Any CPU.ActiveCfg = Release|Any CPU
		{FDB886ED-A124-4236-9DDF-5A4145F344AD}.Release|Any CPU.Build.0 = Release|Any CPU
	EndGlobalSection
	GlobalSection(SolutionProperties) = preSolution
		HideSolutionNode = FALSE
	EndGlobalSection
	GlobalSection(ExtensibilityGlobals) = postSolution
		SolutionGuid = {0EC02C4F-02C4-4676-B4BA-16399F7946D2}
	EndGlobalSection
EndGlobal
